
Microsoft Visual Studio Solution File, Format Version 12.00
# Visual Studio Version 17
VisualStudioVersion = 17.11.35327.3
MinimumVisualStudioVersion = 10.0.40219.1
Project("{FAE04EC0-301F-11D3-BF4B-00C04F79EFBC}") = "Lab Assignment 3", "Lab Assignment 3\Lab Assignment 3.csproj", "{C32FD165-8718-4054-B2B9-8E3659FF018F}"
EndProject
Global
	GlobalSection(SolutionConfigurationPlatforms) = preSolution
		Debug|Any CPU = Debug|Any CPU
		Release|Any CPU = Release|Any CPU
	EndGlobalSection
	GlobalSection(ProjectConfigurationPlatforms) = postSolution
		{C32FD165-8718-4054-B2B9-8E3659FF018F}.Debug|Any CPU.ActiveCfg = Debug|Any CPU
		{C32FD165-8718-4054-B2B9-8E3659FF018F}.Debug|Any CPU.Build.0 = Debug|Any CPU
		{C32FD165-8718-4054-B2B9-8E3659FF018F}.Release|Any CPU.ActiveCfg = Release|Any CPU
		{C32FD165-8718-4054-B2B9-8E3659FF018F}.Release|Any CPU.Build.0 = Release|Any CPU
	EndGlobalSection
	GlobalSection(SolutionProperties) = preSolution
		HideSolutionNode = FALSE
	EndGlobalSection
	GlobalSection(ExtensibilityGlobals) = postSolution
		SolutionGuid = {22CCDBF5-6073-4CA6-8594-CBF8C11D7C0D}
	EndGlobalSection
EndGlobal
